
Microsoft Visual Studio Solution File, Format Version 12.00
# Visual Studio Version 17
VisualStudioVersion = 17.6.33829.357
MinimumVisualStudioVersion = 10.0.40219.1
Project("{FAE04EC0-301F-11D3-BF4B-00C04F79EFBC}") = "SimpleFragments.Android", "SimpleFragments\SimpleFragments.Android\SimpleFragments.Android.csproj", "{3B0B05D9-F696-47DC-9B60-33EA8DB74519}"
EndProject
Project("{FAE04EC0-301F-11D3-BF4B-00C04F79EFBC}") = "SimpleFragments.iOS", "SimpleFragments\SimpleFragments.iOS\SimpleFragments.iOS.csproj", "{C4DA28B8-CCF5-4E62-B395-67FCA9118DDA}"
EndProject
Project("{FAE04EC0-301F-11D3-BF4B-00C04F79EFBC}") = "SimpleFragments", "SimpleFragments\SimpleFragments\SimpleFragments.csproj", "{FA7F8F9E-727B-4B49-9E7D-41549F8882CD}"
EndProject
Global
	GlobalSection(SolutionConfigurationPlatforms) = preSolution
		Debug|Any CPU = Debug|Any CPU
		Debug|iPhone = Debug|iPhone
		Debug|iPhoneSimulator = Debug|iPhoneSimulator
		Release|Any CPU = Release|Any CPU
		Release|iPhone = Release|iPhone
		Release|iPhoneSimulator = Release|iPhoneSimulator
	EndGlobalSection
	GlobalSection(ProjectConfigurationPlatforms) = postSolution
		{3B0B05D9-F696-47DC-9B60-33EA8DB74519}.Debug|Any CPU.ActiveCfg = Debug|Any CPU
		{3B0B05D9-F696-47DC-9B60-33EA8DB74519}.Debug|Any CPU.Build.0 = Debug|Any CPU
		{3B0B05D9-F696-47DC-9B60-33EA8DB74519}.Debug|Any CPU.Deploy.0 = Debug|Any CPU
		{3B0B05D9-F696-47DC-9B60-33EA8DB74519}.Debug|iPhone.ActiveCfg = Debug|Any CPU
		{3B0B05D9-F696-47DC-9B60-33EA8DB74519}.Debug|iPhone.Build.0 = Debug|Any CPU
		{3B0B05D9-F696-47DC-9B60-33EA8DB74519}.Debug|iPhone.Deploy.0 = Debug|Any CPU
		{3B0B05D9-F696-47DC-9B60-33EA8DB74519}.Debug|iPhoneSimulator.ActiveCfg = Debug|Any CPU
		{3B0B05D9-F696-47DC-9B60-33EA8DB74519}.Debug|iPhoneSimulator.Build.0 = Debug|Any CPU
		{3B0B05D9-F696-47DC-9B60-33EA8DB74519}.Debug|iPhoneSimulator.Deploy.0 = Debug|Any CPU
		{3B0B05D9-F696-47DC-9B60-33EA8DB74519}.Release|Any CPU.ActiveCfg = Release|Any CPU
		{3B0B05D9-F696-47DC-9B60-33EA8DB74519}.Release|Any CPU.Build.0 = Release|Any CPU
		{3B0B05D9-F696-47DC-9B60-33EA8DB74519}.Release|Any CPU.Deploy.0 = Release|Any CPU
		{3B0B05D9-F696-47DC-9B60-33EA8DB74519}.Release|iPhone.ActiveCfg = Release|Any CPU
		{3B0B05D9-F696-47DC-9B60-33EA8DB74519}.Release|iPhone.Build.0 = Release|Any CPU
		{3B0B05D9-F696-47DC-9B60-33EA8DB74519}.Release|iPhone.Deploy.0 = Release|Any CPU
		{3B0B05D9-F696-47DC-9B60-33EA8DB74519}.Release|iPhoneSimulator.ActiveCfg = Release|Any CPU
		{3B0B05D9-F696-47DC-9B60-33EA8DB74519}.Release|iPhoneSimulator.Build.0 = Release|Any CPU
		{3B0B05D9-F696-47DC-9B60-33EA8DB74519}.Release|iPhoneSimulator.Deploy.0 = Release|Any CPU
		{C4DA28B8-CCF5-4E62-B395-67FCA9118DDA}.Debug|Any CPU.ActiveCfg = Debug|iPhone
		{C4DA28B8-CCF5-4E62-B395-67FCA9118DDA}.Debug|Any CPU.Build.0 = Debug|iPhone
		{C4DA28B8-CCF5-4E62-B395-67FCA9118DDA}.Debug|Any CPU.Deploy.0 = Debug|iPhone
		{C4DA28B8-CCF5-4E62-B395-67FCA9118DDA}.Debug|iPhone.ActiveCfg = Debug|iPhone
		{C4DA28B8-CCF5-4E62-B395-67FCA9118DDA}.Debug|iPhone.Build.0 = Debug|iPhone
		{C4DA28B8-CCF5-4E62-B395-67FCA9118DDA}.Debug|iPhone.Deploy.0 = Debug|iPhone
		{C4DA28B8-CCF5-4E62-B395-67FCA9118DDA}.Debug|iPhoneSimulator.ActiveCfg = Debug|iPhoneSimulator
		{C4DA28B8-CCF5-4E62-B395-67FCA9118DDA}.Debug|iPhoneSimulator.Build.0 = Debug|iPhoneSimulator
		{C4DA28B8-CCF5-4E62-B395-67FCA9118DDA}.Debug|iPhoneSimulator.Deploy.0 = Debug|iPhoneSimulator
		{C4DA28B8-CCF5-4E62-B395-67FCA9118DDA}.Release|Any CPU.ActiveCfg = Release|iPhoneSimulator
		{C4DA28B8-CCF5-4E62-B395-67FCA9118DDA}.Release|Any CPU.Build.0 = Release|iPhoneSimulator
		{C4DA28B8-CCF5-4E62-B395-67FCA9118DDA}.Release|Any CPU.Deploy.0 = Release|iPhoneSimulator
		{C4DA28B8-CCF5-4E62-B395-67FCA9118DDA}.Release|iPhone.ActiveCfg = Release|iPhone
		{C4DA28B8-CCF5-4E62-B395-67FCA9118DDA}.Release|iPhone.Build.0 = Release|iPhone
		{C4DA28B8-CCF5-4E62-B395-67FCA9118DDA}.Release|iPhone.Deploy.0 = Release|iPhone
		{C4DA28B8-CCF5-4E62-B395-67FCA9118DDA}.Release|iPhoneSimulator.ActiveCfg = Release|iPhoneSimulator
		{C4DA28B8-CCF5-4E62-B395-67FCA9118DDA}.Release|iPhoneSimulator.Build.0 = Release|iPhoneSimulator
		{C4DA28B8-CCF5-4E62-B395-67FCA9118DDA}.Release|iPhoneSimulator.Deploy.0 = Release|iPhoneSimulator
		{FA7F8F9E-727B-4B49-9E7D-41549F8882CD}.Debug|Any CPU.ActiveCfg = Debug|Any CPU
		{FA7F8F9E-727B-4B49-9E7D-41549F8882CD}.Debug|Any CPU.Build.0 = Debug|Any CPU
		{FA7F8F9E-727B-4B49-9E7D-41549F8882CD}.Debug|Any CPU.Deploy.0 = Debug|Any CPU
		{FA7F8F9E-727B-4B49-9E7D-41549F8882CD}.Debug|iPhone.ActiveCfg = Debug|Any CPU
		{FA7F8F9E-727B-4B49-9E7D-41549F8882CD}.Debug|iPhone.Build.0 = Debug|Any CPU
		{FA7F8F9E-727B-4B49-9E7D-41549F8882CD}.Debug|iPhone.Deploy.0 = Debug|Any CPU
		{FA7F8F9E-727B-4B49-9E7D-41549F8882CD}.Debug|iPhoneSimulator.ActiveCfg = Debug|Any CPU
		{FA7F8F9E-727B-4B49-9E7D-41549F8882CD}.Debug|iPhoneSimulator.Build.0 = Debug|Any CPU
		{FA7F8F9E-727B-4B49-9E7D-41549F8882CD}.Debug|iPhoneSimulator.Deploy.0 = Debug|Any CPU
		{FA7F8F9E-727B-4B49-9E7D-41549F8882CD}.Release|Any CPU.ActiveCfg = Release|Any CPU
		{FA7F8F9E-727B-4B49-9E7D-41549F8882CD}.Release|Any CPU.Build.0 = Release|Any CPU
		{FA7F8F9E-727B-4B49-9E7D-41549F8882CD}.Release|Any CPU.Deploy.0 = Release|Any CPU
		{FA7F8F9E-727B-4B49-9E7D-41549F8882CD}.Release|iPhone.ActiveCfg = Release|Any CPU
		{FA7F8F9E-727B-4B49-9E7D-41549F8882CD}.Release|iPhone.Build.0 = Release|Any CPU
		{FA7F8F9E-727B-4B49-9E7D-41549F8882CD}.Release|iPhone.Deploy.0 = Release|Any CPU
		{FA7F8F9E-727B-4B49-9E7D-41549F8882CD}.Release|iPhoneSimulator.ActiveCfg = Release|Any CPU
		{FA7F8F9E-727B-4B49-9E7D-41549F8882CD}.Release|iPhoneSimulator.Build.0 = Release|Any CPU
		{FA7F8F9E-727B-4B49-9E7D-41549F8882CD}.Release|iPhoneSimulator.Deploy.0 = Release|Any CPU
	EndGlobalSection
	GlobalSection(SolutionProperties) = preSolution
		HideSolutionNode = FALSE
	EndGlobalSection
	GlobalSection(ExtensibilityGlobals) = postSolution
		SolutionGuid = {D60EE06E-E83C-4147-85EF-34D2FFE56D35}
	EndGlobalSection
EndGlobal
